
Microsoft Visual Studio Solution File, Format Version 12.00
# Visual Studio 2013
VisualStudioVersion = 12.0.31101.0
MinimumVisualStudioVersion = 10.0.40219.1
Project("{FAE04EC0-301F-11D3-BF4B-00C04F79EFBC}") = "reportsExe", "reportsExe\reportsExe.csproj", "{A64E8FA4-389C-40D2-815A-EB37A1E17C79}"
EndProject
Global
	GlobalSection(SolutionConfigurationPlatforms) = preSolution
		Debug|Any CPU = Debug|Any CPU
		Release|Any CPU = Release|Any CPU
	EndGlobalSection
	GlobalSection(ProjectConfigurationPlatforms) = postSolution
		{A64E8FA4-389C-40D2-815A-EB37A1E17C79}.Debug|Any CPU.ActiveCfg = Debug|Any CPU
		{A64E8FA4-389C-40D2-815A-EB37A1E17C79}.Debug|Any CPU.Build.0 = Debug|Any CPU
		{A64E8FA4-389C-40D2-815A-EB37A1E17C79}.Release|Any CPU.ActiveCfg = Release|Any CPU
		{A64E8FA4-389C-40D2-815A-EB37A1E17C79}.Release|Any CPU.Build.0 = Release|Any CPU
	EndGlobalSection
	GlobalSection(SolutionProperties) = preSolution
		HideSolutionNode = FALSE
	EndGlobalSection
EndGlobal
